
Microsoft Visual Studio Solution File, Format Version 12.00
# Visual Studio Version 17
VisualStudioVersion = 17.8.34525.116
MinimumVisualStudioVersion = 10.0.40219.1
Project("{FAE04EC0-301F-11D3-BF4B-00C04F79EFBC}") = "HotelReservation", "HotelReservation\HotelReservation.csproj", "{E5A1E6AB-C304-44F8-9434-1371B21DEE79}"
EndProject
Global
	GlobalSection(SolutionConfigurationPlatforms) = preSolution
		Debug|Any CPU = Debug|Any CPU
		Release|Any CPU = Release|Any CPU
	EndGlobalSection
	GlobalSection(ProjectConfigurationPlatforms) = postSolution
		{E5A1E6AB-C304-44F8-9434-1371B21DEE79}.Debug|Any CPU.ActiveCfg = Debug|Any CPU
		{E5A1E6AB-C304-44F8-9434-1371B21DEE79}.Debug|Any CPU.Build.0 = Debug|Any CPU
		{E5A1E6AB-C304-44F8-9434-1371B21DEE79}.Release|Any CPU.ActiveCfg = Release|Any CPU
		{E5A1E6AB-C304-44F8-9434-1371B21DEE79}.Release|Any CPU.Build.0 = Release|Any CPU
	EndGlobalSection
	GlobalSection(SolutionProperties) = preSolution
		HideSolutionNode = FALSE
	EndGlobalSection
	GlobalSection(ExtensibilityGlobals) = postSolution
		SolutionGuid = {BA2EEDB4-E65E-4A53-834A-07CAA1532606}
	EndGlobalSection
EndGlobal
